
Microsoft Visual Studio Solution File, Format Version 12.00
# Visual Studio Version 16
VisualStudioVersion = 16.0.31129.286
MinimumVisualStudioVersion = 10.0.40219.1
Project("{FAE04EC0-301F-11D3-BF4B-00C04F79EFBC}") = "practica1", "practica1\practica1.csproj", "{25A76BC3-224D-4D1C-AB87-5EC8AD46B678}"
EndProject
Global
	GlobalSection(SolutionConfigurationPlatforms) = preSolution
		Debug|Any CPU = Debug|Any CPU
		Release|Any CPU = Release|Any CPU
	EndGlobalSection
	GlobalSection(ProjectConfigurationPlatforms) = postSolution
		{25A76BC3-224D-4D1C-AB87-5EC8AD46B678}.Debug|Any CPU.ActiveCfg = Debug|Any CPU
		{25A76BC3-224D-4D1C-AB87-5EC8AD46B678}.Debug|Any CPU.Build.0 = Debug|Any CPU
		{25A76BC3-224D-4D1C-AB87-5EC8AD46B678}.Release|Any CPU.ActiveCfg = Release|Any CPU
		{25A76BC3-224D-4D1C-AB87-5EC8AD46B678}.Release|Any CPU.Build.0 = Release|Any CPU
	EndGlobalSection
	GlobalSection(SolutionProperties) = preSolution
		HideSolutionNode = FALSE
	EndGlobalSection
	GlobalSection(ExtensibilityGlobals) = postSolution
		SolutionGuid = {61152FE0-FE7F-495A-B225-76B7FE9C38B7}
	EndGlobalSection
EndGlobal
